
Microsoft Visual Studio Solution File, Format Version 12.00
# Visual Studio 15
VisualStudioVersion = 15.0.27130.2010
MinimumVisualStudioVersion = 10.0.40219.1
Project("{FAE04EC0-301F-11D3-BF4B-00C04F79EFBC}") = "SurroundWith", "SurroundWith\SurroundWith.csproj", "{F9E4CFAF-AEA9-403F-B27B-EE9BFEF17ADE}"
EndProject
Global
	GlobalSection(SolutionConfigurationPlatforms) = preSolution
		Debug|Any CPU = Debug|Any CPU
		Release|Any CPU = Release|Any CPU
	EndGlobalSection
	GlobalSection(ProjectConfigurationPlatforms) = postSolution
		{F9E4CFAF-AEA9-403F-B27B-EE9BFEF17ADE}.Debug|Any CPU.ActiveCfg = Debug|Any CPU
		{F9E4CFAF-AEA9-403F-B27B-EE9BFEF17ADE}.Debug|Any CPU.Build.0 = Debug|Any CPU
		{F9E4CFAF-AEA9-403F-B27B-EE9BFEF17ADE}.Release|Any CPU.ActiveCfg = Release|Any CPU
		{F9E4CFAF-AEA9-403F-B27B-EE9BFEF17ADE}.Release|Any CPU.Build.0 = Release|Any CPU
	EndGlobalSection
	GlobalSection(SolutionProperties) = preSolution
		HideSolutionNode = FALSE
	EndGlobalSection
	GlobalSection(ExtensibilityGlobals) = postSolution
		SolutionGuid = {99B997E6-23FD-465A-A3C4-5FBCD949BE38}
	EndGlobalSection
EndGlobal
